// !$*UTF8*$!
{
	archiveVersion = 1;
	classes = {
	};
	objectVersion = 70;
	objects = {

/* Begin PBXBuildFile section */
		AB7773502C536C1D0044EE9F /* .gitignore in Resources */ = {isa = PBXBuildFile; fileRef = AB77734F2C536C1D0044EE9F /* .gitignore */; };
		AB7986FE2C573D300092539F /* CGRPCZlib in Frameworks */ = {isa = PBXBuildFile; productRef = AB7986FD2C573D300092539F /* CGRPCZlib */; };
		AB7987002C573D300092539F /* GRPC in Frameworks */ = {isa = PBXBuildFile; productRef = AB7986FF2C573D300092539F /* GRPC */; };
		AB7987022C573D300092539F /* GRPCReflectionService in Frameworks */ = {isa = PBXBuildFile; productRef = AB7987012C573D300092539F /* GRPCReflectionService */; };
		AB7987042C573D300092539F /* _GRPCCore in Frameworks */ = {isa = PBXBuildFile; productRef = AB7987032C573D300092539F /* _GRPCCore */; };
		AB7987062C573D300092539F /* protoc-gen-grpc-swift in Frameworks */ = {isa = PBXBuildFile; productRef = AB7987052C573D300092539F /* protoc-gen-grpc-swift */; };
		AB7987092C573D590092539F /* URRobots in Frameworks */ = {isa = PBXBuildFile; productRef = AB7987082C573D590092539F /* URRobots */; };
/* End PBXBuildFile section */

/* Begin PBXContainerItemProxy section */
		AB7772EB2C535EED0044EE9F /* PBXContainerItemProxy */ = {
			isa = PBXContainerItemProxy;
			containerPortal = AB7772CD2C535EEC0044EE9F /* Project object */;
			proxyType = 1;
			remoteGlobalIDString = AB7772D42C535EEC0044EE9F;
			remoteInfo = VisionTele;
		};
/* End PBXContainerItemProxy section */

/* Begin PBXFileReference section */
		AB7772D52C535EEC0044EE9F /* VisionTele.app */ = {isa = PBXFileReference; explicitFileType = wrapper.application; includeInIndex = 0; path = VisionTele.app; sourceTree = BUILT_PRODUCTS_DIR; };
		AB7772EA2C535EED0044EE9F /* VisionTeleTests.xctest */ = {isa = PBXFileReference; explicitFileType = wrapper.cfbundle; includeInIndex = 0; path = VisionTeleTests.xctest; sourceTree = BUILT_PRODUCTS_DIR; };
		AB77734F2C536C1D0044EE9F /* .gitignore */ = {isa = PBXFileReference; lastKnownFileType = text; path = .gitignore; sourceTree = "<group>"; };
/* End PBXFileReference section */

/* Begin PBXFileSystemSynchronizedBuildFileExceptionSet section */
		AB7772F02C535EED0044EE9F /* PBXFileSystemSynchronizedBuildFileExceptionSet */ = {
			isa = PBXFileSystemSynchronizedBuildFileExceptionSet;
			membershipExceptions = (
				Info.plist,
			);
			target = AB7772D42C535EEC0044EE9F /* VisionTele */;
		};
/* End PBXFileSystemSynchronizedBuildFileExceptionSet section */

/* Begin PBXFileSystemSynchronizedRootGroup section */
		AB7772D72C535EEC0044EE9F /* VisionTele */ = {isa = PBXFileSystemSynchronizedRootGroup; exceptions = (AB7772F02C535EED0044EE9F /* PBXFileSystemSynchronizedBuildFileExceptionSet */, ); explicitFileTypes = {}; explicitFolders = (); path = VisionTele; sourceTree = "<group>"; };
		AB7772ED2C535EED0044EE9F /* VisionTeleTests */ = {isa = PBXFileSystemSynchronizedRootGroup; explicitFileTypes = {}; explicitFolders = (); path = VisionTeleTests; sourceTree = "<group>"; };
/* End PBXFileSystemSynchronizedRootGroup section */

/* Begin PBXFrameworksBuildPhase section */
		AB7772D22C535EEC0044EE9F /* Frameworks */ = {
			isa = PBXFrameworksBuildPhase;
			buildActionMask = 2147483647;
			files = (
				AB7987022C573D300092539F /* GRPCReflectionService in Frameworks */,
				AB7987042C573D300092539F /* _GRPCCore in Frameworks */,
				AB7987092C573D590092539F /* URRobots in Frameworks */,
				AB7987002C573D300092539F /* GRPC in Frameworks */,
				AB7986FE2C573D300092539F /* CGRPCZlib in Frameworks */,
				AB7987062C573D300092539F /* protoc-gen-grpc-swift in Frameworks */,
			);
			runOnlyForDeploymentPostprocessing = 0;
		};
		AB7772E72C535EED0044EE9F /* Frameworks */ = {
			isa = PBXFrameworksBuildPhase;
			buildActionMask = 2147483647;
			files = (
			);
			runOnlyForDeploymentPostprocessing = 0;
		};
/* End PBXFrameworksBuildPhase section */

/* Begin PBXGroup section */
		AB7772CC2C535EEC0044EE9F = {
			isa = PBXGroup;
			children = (
				AB77734F2C536C1D0044EE9F /* .gitignore */,
				AB7772D72C535EEC0044EE9F /* VisionTele */,
				AB7772ED2C535EED0044EE9F /* VisionTeleTests */,
				AB7772D62C535EEC0044EE9F /* Products */,
				AB7986FB2C573D070092539F /* Frameworks */,
			);
			sourceTree = "<group>";
		};
		AB7772D62C535EEC0044EE9F /* Products */ = {
			isa = PBXGroup;
			children = (
				AB7772D52C535EEC0044EE9F /* VisionTele.app */,
				AB7772EA2C535EED0044EE9F /* VisionTeleTests.xctest */,
			);
			name = Products;
			sourceTree = "<group>";
		};
		AB7986FB2C573D070092539F /* Frameworks */ = {
			isa = PBXGroup;
			children = (
			);
			name = Frameworks;
			sourceTree = "<group>";
		};
/* End PBXGroup section */

/* Begin PBXNativeTarget section */
		AB7772D42C535EEC0044EE9F /* VisionTele */ = {
			isa = PBXNativeTarget;
			buildConfigurationList = AB7772F12C535EED0044EE9F /* Build configuration list for PBXNativeTarget "VisionTele" */;
			buildPhases = (
				AB7772D12C535EEC0044EE9F /* Sources */,
				AB7772D22C535EEC0044EE9F /* Frameworks */,
				AB7772D32C535EEC0044EE9F /* Resources */,
			);
			buildRules = (
			);
			dependencies = (
			);
			fileSystemSynchronizedGroups = (
				AB7772D72C535EEC0044EE9F /* VisionTele */,
			);
			name = VisionTele;
			packageProductDependencies = (
				AB7986FD2C573D300092539F /* CGRPCZlib */,
				AB7986FF2C573D300092539F /* GRPC */,
				AB7987012C573D300092539F /* GRPCReflectionService */,
				AB7987032C573D300092539F /* _GRPCCore */,
				AB7987052C573D300092539F /* protoc-gen-grpc-swift */,
				AB7987082C573D590092539F /* URRobots */,
			);
			productName = VisionTele;
			productReference = AB7772D52C535EEC0044EE9F /* VisionTele.app */;
			productType = "com.apple.product-type.application";
		};
		AB7772E92C535EED0044EE9F /* VisionTeleTests */ = {
			isa = PBXNativeTarget;
			buildConfigurationList = AB7772F62C535EED0044EE9F /* Build configuration list for PBXNativeTarget "VisionTeleTests" */;
			buildPhases = (
				AB7772E62C535EED0044EE9F /* Sources */,
				AB7772E72C535EED0044EE9F /* Frameworks */,
				AB7772E82C535EED0044EE9F /* Resources */,
			);
			buildRules = (
			);
			dependencies = (
				AB7772EC2C535EED0044EE9F /* PBXTargetDependency */,
			);
			fileSystemSynchronizedGroups = (
				AB7772ED2C535EED0044EE9F /* VisionTeleTests */,
			);
			name = VisionTeleTests;
			packageProductDependencies = (
			);
			productName = VisionTeleTests;
			productReference = AB7772EA2C535EED0044EE9F /* VisionTeleTests.xctest */;
			productType = "com.apple.product-type.bundle.unit-test";
		};
/* End PBXNativeTarget section */

/* Begin PBXProject section */
		AB7772CD2C535EEC0044EE9F /* Project object */ = {
			isa = PBXProject;
			attributes = {
				BuildIndependentTargetsInParallel = 1;
				LastSwiftUpdateCheck = 1600;
				LastUpgradeCheck = 1600;
				TargetAttributes = {
					AB7772D42C535EEC0044EE9F = {
						CreatedOnToolsVersion = 16.0;
					};
					AB7772E92C535EED0044EE9F = {
						CreatedOnToolsVersion = 16.0;
						TestTargetID = AB7772D42C535EEC0044EE9F;
					};
				};
			};
			buildConfigurationList = AB7772D02C535EEC0044EE9F /* Build configuration list for PBXProject "VisionTele" */;
			compatibilityVersion = "Xcode 15.0";
			developmentRegion = en;
			hasScannedForEncodings = 0;
			knownRegions = (
				en,
				Base,
			);
			mainGroup = AB7772CC2C535EEC0044EE9F;
			packageReferences = (
				AB7986FC2C573D300092539F /* XCRemoteSwiftPackageReference "grpc-swift" */,
				AB7987072C573D590092539F /* XCLocalSwiftPackageReference "VisionTele/URRobots" */,
			);
			productRefGroup = AB7772D62C535EEC0044EE9F /* Products */;
			projectDirPath = "";
			projectRoot = "";
			targets = (
				AB7772D42C535EEC0044EE9F /* VisionTele */,
				AB7772E92C535EED0044EE9F /* VisionTeleTests */,
			);
		};
/* End PBXProject section */

/* Begin PBXResourcesBuildPhase section */
		AB7772D32C535EEC0044EE9F /* Resources */ = {
			isa = PBXResourcesBuildPhase;
			buildActionMask = 2147483647;
			files = (
				AB7773502C536C1D0044EE9F /* .gitignore in Resources */,
			);
			runOnlyForDeploymentPostprocessing = 0;
		};
		AB7772E82C535EED0044EE9F /* Resources */ = {
			isa = PBXResourcesBuildPhase;
			buildActionMask = 2147483647;
			files = (
			);
			runOnlyForDeploymentPostprocessing = 0;
		};
/* End PBXResourcesBuildPhase section */

/* Begin PBXSourcesBuildPhase section */
		AB7772D12C535EEC0044EE9F /* Sources */ = {
			isa = PBXSourcesBuildPhase;
			buildActionMask = 2147483647;
			files = (
			);
			runOnlyForDeploymentPostprocessing = 0;
		};
		AB7772E62C535EED0044EE9F /* Sources */ = {
			isa = PBXSourcesBuildPhase;
			buildActionMask = 2147483647;
			files = (
			);
			runOnlyForDeploymentPostprocessing = 0;
		};
/* End PBXSourcesBuildPhase section */

/* Begin PBXTargetDependency section */
		AB7772EC2C535EED0044EE9F /* PBXTargetDependency */ = {
			isa = PBXTargetDependency;
			target = AB7772D42C535EEC0044EE9F /* VisionTele */;
			targetProxy = AB7772EB2C535EED0044EE9F /* PBXContainerItemProxy */;
		};
/* End PBXTargetDependency section */

/* Begin XCBuildConfiguration section */
		AB7772F22C535EED0044EE9F /* Debug */ = {
			isa = XCBuildConfiguration;
			buildSettings = {
				ASSETCATALOG_COMPILER_APPICON_NAME = AppIcon;
				ASSETCATALOG_COMPILER_GLOBAL_ACCENT_COLOR_NAME = AccentColor;
				CODE_SIGN_ENTITLEMENTS = VisionTele/VisionTele.entitlements;
				CODE_SIGN_STYLE = Automatic;
				CURRENT_PROJECT_VERSION = 1;
				DEVELOPMENT_ASSET_PATHS = "\"VisionTele/Preview Content\"";
				DEVELOPMENT_TEAM = QTJX5Y895K;
				ENABLE_PREVIEWS = YES;
				GENERATE_INFOPLIST_FILE = YES;
				INFOPLIST_FILE = "$(TARGET_NAME)/Info.plist";
				LD_RUNPATH_SEARCH_PATHS = (
					"$(inherited)",
					"@executable_path/Frameworks",
				);
				MARKETING_VERSION = 1.0;
				PRODUCT_BUNDLE_IDENTIFIER = com.pengpark.VisionTele;
				PRODUCT_NAME = "$(TARGET_NAME)";
				SUPPORTED_PLATFORMS = "xros xrsimulator";
				SWIFT_EMIT_LOC_STRINGS = YES;
				SWIFT_VERSION = 5.0;
				TARGETED_DEVICE_FAMILY = 7;
			};
			name = Debug;
		};
		AB7772F32C535EED0044EE9F /* Release */ = {
			isa = XCBuildConfiguration;
			buildSettings = {
				ASSETCATALOG_COMPILER_APPICON_NAME = AppIcon;
				ASSETCATALOG_COMPILER_GLOBAL_ACCENT_COLOR_NAME = AccentColor;
				CODE_SIGN_ENTITLEMENTS = VisionTele/VisionTele.entitlements;
				CODE_SIGN_STYLE = Automatic;
				CURRENT_PROJECT_VERSION = 1;
				DEVELOPMENT_ASSET_PATHS = "\"VisionTele/Preview Content\"";
				DEVELOPMENT_TEAM = QTJX5Y895K;
				ENABLE_PREVIEWS = YES;
				GENERATE_INFOPLIST_FILE = YES;
				INFOPLIST_FILE = "$(TARGET_NAME)/Info.plist";
				LD_RUNPATH_SEARCH_PATHS = (
					"$(inherited)",
					"@executable_path/Frameworks",
				);
				MARKETING_VERSION = 1.0;
				PRODUCT_BUNDLE_IDENTIFIER = com.pengpark.VisionTele;
				PRODUCT_NAME = "$(TARGET_NAME)";
				SUPPORTED_PLATFORMS = "xros xrsimulator";
				SWIFT_EMIT_LOC_STRINGS = YES;
				SWIFT_VERSION = 5.0;
				TARGETED_DEVICE_FAMILY = 7;
			};
			name = Release;
		};
		AB7772F42C535EED0044EE9F /* Debug */ = {
			isa = XCBuildConfiguration;
			buildSettings = {
				ALWAYS_SEARCH_USER_PATHS = NO;
				ASSETCATALOG_COMPILER_GENERATE_SWIFT_ASSET_SYMBOL_EXTENSIONS = YES;
				CLANG_ANALYZER_NONNULL = YES;
				CLANG_ANALYZER_NUMBER_OBJECT_CONVERSION = YES_AGGRESSIVE;
				CLANG_CXX_LANGUAGE_STANDARD = "gnu++20";
				CLANG_ENABLE_MODULES = YES;
				CLANG_ENABLE_OBJC_ARC = YES;
				CLANG_ENABLE_OBJC_WEAK = YES;
				CLANG_WARN_BLOCK_CAPTURE_AUTORELEASING = YES;
				CLANG_WARN_BOOL_CONVERSION = YES;
				CLANG_WARN_COMMA = YES;
				CLANG_WARN_CONSTANT_CONVERSION = YES;
				CLANG_WARN_DEPRECATED_OBJC_IMPLEMENTATIONS = YES;
				CLANG_WARN_DIRECT_OBJC_ISA_USAGE = YES_ERROR;
				CLANG_WARN_DOCUMENTATION_COMMENTS = YES;
				CLANG_WARN_EMPTY_BODY = YES;
				CLANG_WARN_ENUM_CONVERSION = YES;
				CLANG_WARN_INFINITE_RECURSION = YES;
				CLANG_WARN_INT_CONVERSION = YES;
				CLANG_WARN_NON_LITERAL_NULL_CONVERSION = YES;
				CLANG_WARN_OBJC_IMPLICIT_RETAIN_SELF = YES;
				CLANG_WARN_OBJC_LITERAL_CONVERSION = YES;
				CLANG_WARN_OBJC_ROOT_CLASS = YES_ERROR;
				CLANG_WARN_QUOTED_INCLUDE_IN_FRAMEWORK_HEADER = YES;
				CLANG_WARN_RANGE_LOOP_ANALYSIS = YES;
				CLANG_WARN_STRICT_PROTOTYPES = YES;
				CLANG_WARN_SUSPICIOUS_MOVE = YES;
				CLANG_WARN_UNGUARDED_AVAILABILITY = YES_AGGRESSIVE;
				CLANG_WARN_UNREACHABLE_CODE = YES;
				CLANG_WARN__DUPLICATE_METHOD_MATCH = YES;
				COPY_PHASE_STRIP = NO;
				DEBUG_INFORMATION_FORMAT = dwarf;
				ENABLE_STRICT_OBJC_MSGSEND = YES;
				ENABLE_TESTABILITY = YES;
				ENABLE_USER_SCRIPT_SANDBOXING = YES;
				GCC_C_LANGUAGE_STANDARD = gnu17;
				GCC_DYNAMIC_NO_PIC = NO;
				GCC_NO_COMMON_BLOCKS = YES;
				GCC_OPTIMIZATION_LEVEL = 0;
				GCC_PREPROCESSOR_DEFINITIONS = (
					"DEBUG=1",
					"$(inherited)",
				);
				GCC_WARN_64_TO_32_BIT_CONVERSION = YES;
				GCC_WARN_ABOUT_RETURN_TYPE = YES_ERROR;
				GCC_WARN_UNDECLARED_SELECTOR = YES;
				GCC_WARN_UNINITIALIZED_AUTOS = YES_AGGRESSIVE;
				GCC_WARN_UNUSED_FUNCTION = YES;
				GCC_WARN_UNUSED_VARIABLE = YES;
				LOCALIZATION_PREFERS_STRING_CATALOGS = YES;
				MTL_ENABLE_DEBUG_INFO = INCLUDE_SOURCE;
				MTL_FAST_MATH = YES;
				ONLY_ACTIVE_ARCH = YES;
				SDKROOT = xros;
				SWIFT_ACTIVE_COMPILATION_CONDITIONS = "DEBUG $(inherited)";
				SWIFT_OPTIMIZATION_LEVEL = "-Onone";
				XROS_DEPLOYMENT_TARGET = 2.0;
			};
			name = Debug;
		};
		AB7772F52C535EED0044EE9F /* Release */ = {
			isa = XCBuildConfiguration;
			buildSettings = {
				ALWAYS_SEARCH_USER_PATHS = NO;
				ASSETCATALOG_COMPILER_GENERATE_SWIFT_ASSET_SYMBOL_EXTENSIONS = YES;
				CLANG_ANALYZER_NONNULL = YES;
				CLANG_ANALYZER_NUMBER_OBJECT_CONVERSION = YES_AGGRESSIVE;
				CLANG_CXX_LANGUAGE_STANDARD = "gnu++20";
				CLANG_ENABLE_MODULES = YES;
				CLANG_ENABLE_OBJC_ARC = YES;
				CLANG_ENABLE_OBJC_WEAK = YES;
				CLANG_WARN_BLOCK_CAPTURE_AUTORELEASING = YES;
				CLANG_WARN_BOOL_CONVERSION = YES;
				CLANG_WARN_COMMA = YES;
				CLANG_WARN_CONSTANT_CONVERSION = YES;
				CLANG_WARN_DEPRECATED_OBJC_IMPLEMENTATIONS = YES;
				CLANG_WARN_DIRECT_OBJC_ISA_USAGE = YES_ERROR;
				CLANG_WARN_DOCUMENTATION_COMMENTS = YES;
				CLANG_WARN_EMPTY_BODY = YES;
				CLANG_WARN_ENUM_CONVERSION = YES;
				CLANG_WARN_INFINITE_RECURSION = YES;
				CLANG_WARN_INT_CONVERSION = YES;
				CLANG_WARN_NON_LITERAL_NULL_CONVERSION = YES;
				CLANG_WARN_OBJC_IMPLICIT_RETAIN_SELF = YES;
				CLANG_WARN_OBJC_LITERAL_CONVERSION = YES;
				CLANG_WARN_OBJC_ROOT_CLASS = YES_ERROR;
				CLANG_WARN_QUOTED_INCLUDE_IN_FRAMEWORK_HEADER = YES;
				CLANG_WARN_RANGE_LOOP_ANALYSIS = YES;
				CLANG_WARN_STRICT_PROTOTYPES = YES;
				CLANG_WARN_SUSPICIOUS_MOVE = YES;
				CLANG_WARN_UNGUARDED_AVAILABILITY = YES_AGGRESSIVE;
				CLANG_WARN_UNREACHABLE_CODE = YES;
				CLANG_WARN__DUPLICATE_METHOD_MATCH = YES;
				COPY_PHASE_STRIP = NO;
				DEBUG_INFORMATION_FORMAT = "dwarf-with-dsym";
				ENABLE_NS_ASSERTIONS = NO;
				ENABLE_STRICT_OBJC_MSGSEND = YES;
				ENABLE_USER_SCRIPT_SANDBOXING = YES;
				GCC_C_LANGUAGE_STANDARD = gnu17;
				GCC_NO_COMMON_BLOCKS = YES;
				GCC_WARN_64_TO_32_BIT_CONVERSION = YES;
				GCC_WARN_ABOUT_RETURN_TYPE = YES_ERROR;
				GCC_WARN_UNDECLARED_SELECTOR = YES;
				GCC_WARN_UNINITIALIZED_AUTOS = YES_AGGRESSIVE;
				GCC_WARN_UNUSED_FUNCTION = YES;
				GCC_WARN_UNUSED_VARIABLE = YES;
				LOCALIZATION_PREFERS_STRING_CATALOGS = YES;
				MTL_ENABLE_DEBUG_INFO = NO;
				MTL_FAST_MATH = YES;
				SDKROOT = xros;
				SWIFT_COMPILATION_MODE = wholemodule;
				VALIDATE_PRODUCT = YES;
				XROS_DEPLOYMENT_TARGET = 2.0;
			};
			name = Release;
		};
		AB7772F72C535EED0044EE9F /* Debug */ = {
			isa = XCBuildConfiguration;
			buildSettings = {
				BUNDLE_LOADER = "$(TEST_HOST)";
				CODE_SIGN_STYLE = Automatic;
				CURRENT_PROJECT_VERSION = 1;
				DEVELOPMENT_TEAM = QTJX5Y895K;
				GENERATE_INFOPLIST_FILE = YES;
				MARKETING_VERSION = 1.0;
				PRODUCT_BUNDLE_IDENTIFIER = com.pengpark.VisionTeleTests;
				PRODUCT_NAME = "$(TARGET_NAME)";
				SUPPORTED_PLATFORMS = "xros xrsimulator";
				SWIFT_EMIT_LOC_STRINGS = NO;
				SWIFT_VERSION = 5.0;
				TARGETED_DEVICE_FAMILY = 7;
				TEST_HOST = "$(BUILT_PRODUCTS_DIR)/VisionTele.app/$(BUNDLE_EXECUTABLE_FOLDER_PATH)/VisionTele";
				XROS_DEPLOYMENT_TARGET = 2.0;
			};
			name = Debug;
		};
		AB7772F82C535EED0044EE9F /* Release */ = {
			isa = XCBuildConfiguration;
			buildSettings = {
				BUNDLE_LOADER = "$(TEST_HOST)";
				CODE_SIGN_STYLE = Automatic;
				CURRENT_PROJECT_VERSION = 1;
				DEVELOPMENT_TEAM = QTJX5Y895K;
				GENERATE_INFOPLIST_FILE = YES;
				MARKETING_VERSION = 1.0;
				PRODUCT_BUNDLE_IDENTIFIER = com.pengpark.VisionTeleTests;
				PRODUCT_NAME = "$(TARGET_NAME)";
				SUPPORTED_PLATFORMS = "xros xrsimulator";
				SWIFT_EMIT_LOC_STRINGS = NO;
				SWIFT_VERSION = 5.0;
				TARGETED_DEVICE_FAMILY = 7;
				TEST_HOST = "$(BUILT_PRODUCTS_DIR)/VisionTele.app/$(BUNDLE_EXECUTABLE_FOLDER_PATH)/VisionTele";
				XROS_DEPLOYMENT_TARGET = 2.0;
			};
			name = Release;
		};
/* End XCBuildConfiguration section */

/* Begin XCConfigurationList section */
		AB7772D02C535EEC0044EE9F /* Build configuration list for PBXProject "VisionTele" */ = {
			isa = XCConfigurationList;
			buildConfigurations = (
				AB7772F42C535EED0044EE9F /* Debug */,
				AB7772F52C535EED0044EE9F /* Release */,
			);
			defaultConfigurationIsVisible = 0;
			defaultConfigurationName = Release;
		};
		AB7772F12C535EED0044EE9F /* Build configuration list for PBXNativeTarget "VisionTele" */ = {
			isa = XCConfigurationList;
			buildConfigurations = (
				AB7772F22C535EED0044EE9F /* Debug */,
				AB7772F32C535EED0044EE9F /* Release */,
			);
			defaultConfigurationIsVisible = 0;
			defaultConfigurationName = Release;
		};
		AB7772F62C535EED0044EE9F /* Build configuration list for PBXNativeTarget "VisionTeleTests" */ = {
			isa = XCConfigurationList;
			buildConfigurations = (
				AB7772F72C535EED0044EE9F /* Debug */,
				AB7772F82C535EED0044EE9F /* Release */,
			);
			defaultConfigurationIsVisible = 0;
			defaultConfigurationName = Release;
		};
/* End XCConfigurationList section */

/* Begin XCLocalSwiftPackageReference section */
		AB7987072C573D590092539F /* XCLocalSwiftPackageReference "VisionTele/URRobots" */ = {
			isa = XCLocalSwiftPackageReference;
			relativePath = VisionTele/URRobots;
		};
/* End XCLocalSwiftPackageReference section */

/* Begin XCRemoteSwiftPackageReference section */
		AB7986FC2C573D300092539F /* XCRemoteSwiftPackageReference "grpc-swift" */ = {
			isa = XCRemoteSwiftPackageReference;
			repositoryURL = "https://github.com/grpc/grpc-swift";
			requirement = {
				kind = upToNextMajorVersion;
				minimumVersion = 1.23.0;
			};
		};
/* End XCRemoteSwiftPackageReference section */

/* Begin XCSwiftPackageProductDependency section */
		AB7986FD2C573D300092539F /* CGRPCZlib */ = {
			isa = XCSwiftPackageProductDependency;
			package = AB7986FC2C573D300092539F /* XCRemoteSwiftPackageReference "grpc-swift" */;
			productName = CGRPCZlib;
		};
		AB7986FF2C573D300092539F /* GRPC */ = {
			isa = XCSwiftPackageProductDependency;
			package = AB7986FC2C573D300092539F /* XCRemoteSwiftPackageReference "grpc-swift" */;
			productName = GRPC;
		};
		AB7987012C573D300092539F /* GRPCReflectionService */ = {
			isa = XCSwiftPackageProductDependency;
			package = AB7986FC2C573D300092539F /* XCRemoteSwiftPackageReference "grpc-swift" */;
			productName = GRPCReflectionService;
		};
		AB7987032C573D300092539F /* _GRPCCore */ = {
			isa = XCSwiftPackageProductDependency;
			package = AB7986FC2C573D300092539F /* XCRemoteSwiftPackageReference "grpc-swift" */;
			productName = _GRPCCore;
		};
		AB7987052C573D300092539F /* protoc-gen-grpc-swift */ = {
			isa = XCSwiftPackageProductDependency;
			package = AB7986FC2C573D300092539F /* XCRemoteSwiftPackageReference "grpc-swift" */;
			productName = "protoc-gen-grpc-swift";
		};
		AB7987082C573D590092539F /* URRobots */ = {
			isa = XCSwiftPackageProductDependency;
			productName = URRobots;
		};
/* End XCSwiftPackageProductDependency section */
	};
	rootObject = AB7772CD2C535EEC0044EE9F /* Project object */;
}
